
Microsoft Visual Studio Solution File, Format Version 12.00
# Visual Studio Version 17
VisualStudioVersion = 17.3.32804.467
MinimumVisualStudioVersion = 10.0.40219.1
Project("{9A19103F-16F7-4668-BE54-9A1E7A4F7556}") = "Prisma.Api", "Prisma.Api\Prisma.Api.csproj", "{44473190-2062-4E29-8A0C-E9FA07236D77}"
EndProject
Project("{9A19103F-16F7-4668-BE54-9A1E7A4F7556}") = "Prisma.Domain", "Prisma.Domain\Prisma.Domain.csproj", "{53C82E63-B1B2-4B74-A1FF-6D7D52F737AF}"
EndProject
Project("{9A19103F-16F7-4668-BE54-9A1E7A4F7556}") = "Prisma.Data", "Prisma.Data\Prisma.Data.csproj", "{706957D3-9A41-485E-8548-D1BFAB01F9BB}"
EndProject
Project("{FAE04EC0-301F-11D3-BF4B-00C04F79EFBC}") = "Prisma.Tests", "Prisma.Tests\Prisma.Tests.csproj", "{3BB4D9E6-BACC-4619-9F6C-23BF2C93526A}"
EndProject
Global
	GlobalSection(SolutionConfigurationPlatforms) = preSolution
		Debug|Any CPU = Debug|Any CPU
		Release|Any CPU = Release|Any CPU
	EndGlobalSection
	GlobalSection(ProjectConfigurationPlatforms) = postSolution
		{44473190-2062-4E29-8A0C-E9FA07236D77}.Debug|Any CPU.ActiveCfg = Debug|Any CPU
		{44473190-2062-4E29-8A0C-E9FA07236D77}.Debug|Any CPU.Build.0 = Debug|Any CPU
		{44473190-2062-4E29-8A0C-E9FA07236D77}.Release|Any CPU.ActiveCfg = Release|Any CPU
		{44473190-2062-4E29-8A0C-E9FA07236D77}.Release|Any CPU.Build.0 = Release|Any CPU
		{53C82E63-B1B2-4B74-A1FF-6D7D52F737AF}.Debug|Any CPU.ActiveCfg = Debug|Any CPU
		{53C82E63-B1B2-4B74-A1FF-6D7D52F737AF}.Debug|Any CPU.Build.0 = Debug|Any CPU
		{53C82E63-B1B2-4B74-A1FF-6D7D52F737AF}.Release|Any CPU.ActiveCfg = Release|Any CPU
		{53C82E63-B1B2-4B74-A1FF-6D7D52F737AF}.Release|Any CPU.Build.0 = Release|Any CPU
		{706957D3-9A41-485E-8548-D1BFAB01F9BB}.Debug|Any CPU.ActiveCfg = Debug|Any CPU
		{706957D3-9A41-485E-8548-D1BFAB01F9BB}.Debug|Any CPU.Build.0 = Debug|Any CPU
		{706957D3-9A41-485E-8548-D1BFAB01F9BB}.Release|Any CPU.ActiveCfg = Release|Any CPU
		{706957D3-9A41-485E-8548-D1BFAB01F9BB}.Release|Any CPU.Build.0 = Release|Any CPU
		{3BB4D9E6-BACC-4619-9F6C-23BF2C93526A}.Debug|Any CPU.ActiveCfg = Debug|Any CPU
		{3BB4D9E6-BACC-4619-9F6C-23BF2C93526A}.Debug|Any CPU.Build.0 = Debug|Any CPU
		{3BB4D9E6-BACC-4619-9F6C-23BF2C93526A}.Release|Any CPU.ActiveCfg = Release|Any CPU
		{3BB4D9E6-BACC-4619-9F6C-23BF2C93526A}.Release|Any CPU.Build.0 = Release|Any CPU
	EndGlobalSection
	GlobalSection(SolutionProperties) = preSolution
		HideSolutionNode = FALSE
	EndGlobalSection
	GlobalSection(ExtensibilityGlobals) = postSolution
		SolutionGuid = {4B8746F8-F224-4D05-ACEA-122D41B3BED5}
	EndGlobalSection
EndGlobal
